
Microsoft Visual Studio Solution File, Format Version 12.00
# Visual Studio Version 17
VisualStudioVersion = 17.13.35828.75
MinimumVisualStudioVersion = 10.0.40219.1
Project("{2150E333-8FDC-42A3-9474-1A3956D46DE8}") = "DigitalOcean", "DigitalOcean", "{02EA681E-C7D8-13C7-8484-4AC65E1B71E8}"
	ProjectSection(SolutionItems) = preProject
		.env = .env
		spec.yaml = spec.yaml
	EndProjectSection
EndProject
Project("{FAE04EC0-301F-11D3-BF4B-00C04F79EFBC}") = "GoCardlessHook", "GoCardlessHook.csproj", "{09EA2248-A13A-9F48-72FA-0A60D9468401}"
EndProject
Global
	GlobalSection(SolutionConfigurationPlatforms) = preSolution
		Debug|Any CPU = Debug|Any CPU
		Release|Any CPU = Release|Any CPU
	EndGlobalSection
	GlobalSection(ProjectConfigurationPlatforms) = postSolution
		{09EA2248-A13A-9F48-72FA-0A60D9468401}.Debug|Any CPU.ActiveCfg = Debug|Any CPU
		{09EA2248-A13A-9F48-72FA-0A60D9468401}.Debug|Any CPU.Build.0 = Debug|Any CPU
		{09EA2248-A13A-9F48-72FA-0A60D9468401}.Release|Any CPU.ActiveCfg = Release|Any CPU
		{09EA2248-A13A-9F48-72FA-0A60D9468401}.Release|Any CPU.Build.0 = Release|Any CPU
	EndGlobalSection
	GlobalSection(SolutionProperties) = preSolution
		HideSolutionNode = FALSE
	EndGlobalSection
	GlobalSection(ExtensibilityGlobals) = postSolution
		SolutionGuid = {E7AC2555-CD3F-4B42-A359-0D0CC429A848}
	EndGlobalSection
EndGlobal
